
Microsoft Visual Studio Solution File, Format Version 12.00
# Visual Studio 15
VisualStudioVersion = 15.0.28307.329
MinimumVisualStudioVersion = 10.0.40219.1
Project("{FAE04EC0-301F-11D3-BF4B-00C04F79EFBC}") = "salsa_pro", "salsa_pro\salsa_pro.csproj", "{88FB8644-9F31-440A-97DC-77F347053666}"
EndProject
Project("{FAE04EC0-301F-11D3-BF4B-00C04F79EFBC}") = "salsa_pro_ui", "salsa_pro_ui\salsa_pro_ui.csproj", "{20660FDF-ED4F-43A6-B151-EE8CAF1670F9}"
EndProject
Global
	GlobalSection(SolutionConfigurationPlatforms) = preSolution
		Debug|Any CPU = Debug|Any CPU
		Release|Any CPU = Release|Any CPU
	EndGlobalSection
	GlobalSection(ProjectConfigurationPlatforms) = postSolution
		{88FB8644-9F31-440A-97DC-77F347053666}.Debug|Any CPU.ActiveCfg = Debug|Any CPU
		{88FB8644-9F31-440A-97DC-77F347053666}.Debug|Any CPU.Build.0 = Debug|Any CPU
		{88FB8644-9F31-440A-97DC-77F347053666}.Release|Any CPU.ActiveCfg = Release|Any CPU
		{88FB8644-9F31-440A-97DC-77F347053666}.Release|Any CPU.Build.0 = Release|Any CPU
		{20660FDF-ED4F-43A6-B151-EE8CAF1670F9}.Debug|Any CPU.ActiveCfg = Debug|Any CPU
		{20660FDF-ED4F-43A6-B151-EE8CAF1670F9}.Debug|Any CPU.Build.0 = Debug|Any CPU
		{20660FDF-ED4F-43A6-B151-EE8CAF1670F9}.Release|Any CPU.ActiveCfg = Release|Any CPU
		{20660FDF-ED4F-43A6-B151-EE8CAF1670F9}.Release|Any CPU.Build.0 = Release|Any CPU
	EndGlobalSection
	GlobalSection(SolutionProperties) = preSolution
		HideSolutionNode = FALSE
	EndGlobalSection
	GlobalSection(ExtensibilityGlobals) = postSolution
		SolutionGuid = {AD08A809-F7D9-4B6B-9908-D2AB08DD5EA1}
	EndGlobalSection
EndGlobal
